
Microsoft Visual Studio Solution File, Format Version 12.00
# Visual Studio 15
VisualStudioVersion = 15.0.28010.2046
MinimumVisualStudioVersion = 10.0.40219.1
Project("{FAE04EC0-301F-11D3-BF4B-00C04F79EFBC}") = "RemoteX.Connection.Bluetooth", "RemoteX.Connection.Bluetooth\RemoteX.Connection.Bluetooth.csproj", "{FE10094A-FD77-45FF-A7D9-AB19CA4179E3}"
EndProject
Global
	GlobalSection(SolutionConfigurationPlatforms) = preSolution
		Debug|Any CPU = Debug|Any CPU
		Release|Any CPU = Release|Any CPU
	EndGlobalSection
	GlobalSection(ProjectConfigurationPlatforms) = postSolution
		{FE10094A-FD77-45FF-A7D9-AB19CA4179E3}.Debug|Any CPU.ActiveCfg = Debug|Any CPU
		{FE10094A-FD77-45FF-A7D9-AB19CA4179E3}.Debug|Any CPU.Build.0 = Debug|Any CPU
		{FE10094A-FD77-45FF-A7D9-AB19CA4179E3}.Release|Any CPU.ActiveCfg = Release|Any CPU
		{FE10094A-FD77-45FF-A7D9-AB19CA4179E3}.Release|Any CPU.Build.0 = Release|Any CPU
	EndGlobalSection
	GlobalSection(SolutionProperties) = preSolution
		HideSolutionNode = FALSE
	EndGlobalSection
	GlobalSection(ExtensibilityGlobals) = postSolution
		SolutionGuid = {4744894A-9534-4729-B846-B86D1DA550F2}
	EndGlobalSection
EndGlobal
